
Microsoft Visual Studio Solution File, Format Version 12.00
# Visual Studio Version 17
VisualStudioVersion = 17.2.32519.379
MinimumVisualStudioVersion = 10.0.40219.1
Project("{FAE04EC0-301F-11D3-BF4B-00C04F79EFBC}") = "Uwabase64", "Uwabase64\Uwabase64.csproj", "{05F68EFB-DDAA-448A-83CF-D239242781D8}"
EndProject
Global
	GlobalSection(SolutionConfigurationPlatforms) = preSolution
		Debug|Any CPU = Debug|Any CPU
		Release|Any CPU = Release|Any CPU
	EndGlobalSection
	GlobalSection(ProjectConfigurationPlatforms) = postSolution
		{05F68EFB-DDAA-448A-83CF-D239242781D8}.Debug|Any CPU.ActiveCfg = Debug|Any CPU
		{05F68EFB-DDAA-448A-83CF-D239242781D8}.Debug|Any CPU.Build.0 = Debug|Any CPU
		{05F68EFB-DDAA-448A-83CF-D239242781D8}.Release|Any CPU.ActiveCfg = Release|Any CPU
		{05F68EFB-DDAA-448A-83CF-D239242781D8}.Release|Any CPU.Build.0 = Release|Any CPU
	EndGlobalSection
	GlobalSection(SolutionProperties) = preSolution
		HideSolutionNode = FALSE
	EndGlobalSection
	GlobalSection(ExtensibilityGlobals) = postSolution
		SolutionGuid = {78978D50-B481-4CAC-994B-AB3B1A094320}
	EndGlobalSection
EndGlobal
